schema: '2.0'
stages:
  preprocess:
    cmd: python src/preprocess.py
    deps:
    - path: data/insurance.csv
      hash: md5
      md5: d5364d06246fb4bfa4cc7d1ee89ebd0d
      size: 55628
    - path: src/preprocess.py
      hash: md5
      md5: 1790c73f53bc5e12121e33735b3ae5f4
      size: 1033
    outs:
    - path: data/preprocessed_dataset.csv
      hash: md5
      md5: d1707522576bb96cb2bd9721cb16039f
      size: 46091
  split:
    cmd: python src/split_data.py
    deps:
    - path: data/preprocessed_dataset.csv
      hash: md5
      md5: d1707522576bb96cb2bd9721cb16039f
      size: 46091
    - path: src/split_data.py
      hash: md5
      md5: e0579b4177b89458ffb1f00c71a72155
      size: 1031
    outs:
    - path: data/X_test.csv
      hash: md5
      md5: be7fdc9243475f58492ff9d9aa922014
      size: 6524
    - path: data/X_train.csv
      hash: md5
      md5: e6d87bddb4a95194ad97a27c86adec26
      size: 25680
    - path: data/y_test.csv
      hash: md5
      md5: 781e806b36b3ae9f86759d7baa7f6218
      size: 3081
    - path: data/y_train.csv
      hash: md5
      md5: 748779d39a4b139499bb45ac4d3fa7de
      size: 12250
  train:
    cmd: python src/train_linear_regression.py
    deps:
    - path: data/X_train.csv
      hash: md5
      md5: e6d87bddb4a95194ad97a27c86adec26
      size: 25680
    - path: data/y_train.csv
      hash: md5
      md5: 748779d39a4b139499bb45ac4d3fa7de
      size: 12250
    - path: src/train_linear_regression.py
      hash: md5
      md5: f563aec14e6b05bfd34bf22c16d2e718
      size: 380
    outs:
    - path: model/linear_regression_model.pkl
      hash: md5
      md5: f44aa1a8bedb503d48eb1d6d38d04bf9
      size: 1057
  validate:
    cmd: python src/validate.py
    deps:
    - path: data/X_test.csv
      hash: md5
      md5: be7fdc9243475f58492ff9d9aa922014
      size: 6524
    - path: data/y_test.csv
      hash: md5
      md5: 781e806b36b3ae9f86759d7baa7f6218
      size: 3081
    - path: model/linear_regression_model.pkl
      hash: md5
      md5: f44aa1a8bedb503d48eb1d6d38d04bf9
      size: 1057
    - path: src/validate.py
      hash: md5
      md5: 82cf2d2a5bc300f69598ef0804c25ded
      size: 886
    outs:
    - path: reports/metrics.json
      hash: md5
      md5: 5560324d10b8555d6bc149ff3c6d7fb1
      size: 88
    - path: reports/prediction_plot.png
      hash: md5
      md5: 404cc980d80f5959c6412d2fd703fdc5
      size: 28262
